// !$*UTF8*$!
{
	archiveVersion = 1;
	classes = {
	};
	objectVersion = 56;
	objects = {

/* Begin PBXBuildFile section */
		3016947A29FDB72D00D2CF84 /* ExpandableText in Frameworks */ = {isa = PBXBuildFile; productRef = 3016947929FDB72D00D2CF84 /* ExpandableText */; };
		3052683029AA1D9300DA7678 /* Assets.xcassets in Resources */ = {isa = PBXBuildFile; fileRef = 3052682F29AA1D9300DA7678 /* Assets.xcassets */; };
		3052683329AA1D9300DA7678 /* Preview Assets.xcassets in Resources */ = {isa = PBXBuildFile; fileRef = 3052683229AA1D9300DA7678 /* Preview Assets.xcassets */; };
		30BC7F7429FF5A340067436B /* Home.swift in Sources */ = {isa = PBXBuildFile; fileRef = 3052685229AE8B6100DA7678 /* Home.swift */; };
		30BC7F7529FF5A340067436B /* UI.swift in Sources */ = {isa = PBXBuildFile; fileRef = 3016947629FD969600D2CF84 /* UI.swift */; };
		30BC7F7629FF5A340067436B /* NavigationView.swift in Sources */ = {isa = PBXBuildFile; fileRef = 3052684E29AE60D500DA7678 /* NavigationView.swift */; };
		30BC7F7729FF5A340067436B /* Films.swift in Sources */ = {isa = PBXBuildFile; fileRef = 3052683D29AA453900DA7678 /* Films.swift */; };
		30BC7F7829FF5A340067436B /* FilmDetails.swift in Sources */ = {isa = PBXBuildFile; fileRef = 3003C3B829FC960B008D953F /* FilmDetails.swift */; };
		30BC7F7A29FF5A340067436B /* SnapCarousel.swift in Sources */ = {isa = PBXBuildFile; fileRef = 3052683F29AA53C900DA7678 /* SnapCarousel.swift */; };
		30BC7F7B29FF5A340067436B /* DetailPlotView.swift in Sources */ = {isa = PBXBuildFile; fileRef = 3052684129AD32FC00DA7678 /* DetailPlotView.swift */; };
		30BC7F7C29FF5A340067436B /* OffsetModifier.swift in Sources */ = {isa = PBXBuildFile; fileRef = 3052684329AD448500DA7678 /* OffsetModifier.swift */; };
		30BC7F7D29FF5A340067436B /* ReviewList.swift in Sources */ = {isa = PBXBuildFile; fileRef = 30BC7F5629FDD5D90067436B /* ReviewList.swift */; };
		30BC7F7E29FF5A340067436B /* ReviewView.swift in Sources */ = {isa = PBXBuildFile; fileRef = 30BC7F5D29FDDA4B0067436B /* ReviewView.swift */; };
		30BC7F7F29FF5A340067436B /* Music.swift in Sources */ = {isa = PBXBuildFile; fileRef = 3052684A29AE4C7500DA7678 /* Music.swift */; };
		30BC7F8029FF5A340067436B /* SongDetailView.swift in Sources */ = {isa = PBXBuildFile; fileRef = 30BC7F6B29FF10780067436B /* SongDetailView.swift */; };
		30BC7F8129FF5A340067436B /* Profile.swift in Sources */ = {isa = PBXBuildFile; fileRef = 3052685029AE610A00DA7678 /* Profile.swift */; };
		30BC7F8229FF5A340067436B /* MyAccount.swift in Sources */ = {isa = PBXBuildFile; fileRef = 302F224529F9E7D700D07FED /* MyAccount.swift */; };
		30BC7F8329FF5A340067436B /* ProfileSettings.swift in Sources */ = {isa = PBXBuildFile; fileRef = 3049087329FB23C800A0F2FA /* ProfileSettings.swift */; };
		30BC7F8429FF5A340067436B /* SubscriptionInfo.swift in Sources */ = {isa = PBXBuildFile; fileRef = 3049087529FB276100A0F2FA /* SubscriptionInfo.swift */; };
		30BC7F8529FF5A340067436B /* PaymentInfo.swift in Sources */ = {isa = PBXBuildFile; fileRef = 3049087729FB279800A0F2FA /* PaymentInfo.swift */; };
		30BC7F8629FF5A340067436B /* DeleteAccount.swift in Sources */ = {isa = PBXBuildFile; fileRef = 3049087929FB27A600A0F2FA /* DeleteAccount.swift */; };
		30BC7F8729FF5A340067436B /* Search.swift in Sources */ = {isa = PBXBuildFile; fileRef = 3052685529AFDB9500DA7678 /* Search.swift */; };
		30BC7F8829FF5A410067436B /* ContentView.swift in Sources */ = {isa = PBXBuildFile; fileRef = 3052682D29AA1D9100DA7678 /* ContentView.swift */; };
		30BC7F8929FF5A630067436B /* Movie.swift in Sources */ = {isa = PBXBuildFile; fileRef = 3052683B29AA3C8100DA7678 /* Movie.swift */; };
		30BC7F8A29FF5A630067436B /* Review.swift in Sources */ = {isa = PBXBuildFile; fileRef = 30BC7F5B29FDD6600067436B /* Review.swift */; };
		30BC7F8B29FF5A630067436B /* MovieSelection.swift in Sources */ = {isa = PBXBuildFile; fileRef = 30BC7F6529FEC1150067436B /* MovieSelection.swift */; };
		30BC7F8C29FF5A630067436B /* MusicSelection.swift in Sources */ = {isa = PBXBuildFile; fileRef = 30BC7F6729FEC1210067436B /* MusicSelection.swift */; };
		30BC7F8D29FF5A630067436B /* Song.swift in Sources */ = {isa = PBXBuildFile; fileRef = 30BC7F6929FF0F070067436B /* Song.swift */; };
		30BC7F8E29FF5A630067436B /* ArtistPlaylist.swift in Sources */ = {isa = PBXBuildFile; fileRef = 30BC7F6D29FF23EF0067436B /* ArtistPlaylist.swift */; };
		30BC7F8F29FF5A630067436B /* Artist.swift in Sources */ = {isa = PBXBuildFile; fileRef = 30BC7F6F29FF2B770067436B /* Artist.swift */; };
		30BC7F9029FF5A630067436B /* Category.swift in Sources */ = {isa = PBXBuildFile; fileRef = 30BC7F7129FF4BDB0067436B /* Category.swift */; };
		30BC7F9129FF5A8B0067436B /* MovieAppApp.swift in Sources */ = {isa = PBXBuildFile; fileRef = 3052682B29AA1D9100DA7678 /* MovieAppApp.swift */; };
		30BC7F9329FF5B9C0067436B /* PlaylistView.swift in Sources */ = {isa = PBXBuildFile; fileRef = 30BC7F9229FF5B9C0067436B /* PlaylistView.swift */; };
		30BC7F9529FFC84D0067436B /* PlaylistDetailView.swift in Sources */ = {isa = PBXBuildFile; fileRef = 30BC7F9429FFC84D0067436B /* PlaylistDetailView.swift */; };
		30BC7F9629FFFB210067436B /* MyView.swift in Sources */ = {isa = PBXBuildFile; fileRef = 30BC7F6129FEB5820067436B /* MyView.swift */; };
/* End PBXBuildFile section */

/* Begin PBXFileReference section */
		3003C3B829FC960B008D953F /* FilmDetails.swift */ = {isa = PBXFileReference; fileEncoding = 4; lastKnownFileType = sourcecode.swift; path = FilmDetails.swift; sourceTree = "<group>"; };
		3003C3BA29FC962E008D953F /* DetailPlotView.swift */ = {isa = PBXFileReference; fileEncoding = 4; lastKnownFileType = sourcecode.swift; path = DetailPlotView.swift; sourceTree = "<group>"; };
		3016947629FD969600D2CF84 /* UI.swift */ = {isa = PBXFileReference; lastKnownFileType = sourcecode.swift; path = UI.swift; sourceTree = "<group>"; };
		302F224529F9E7D700D07FED /* MyAccount.swift */ = {isa = PBXFileReference; lastKnownFileType = sourcecode.swift; path = MyAccount.swift; sourceTree = "<group>"; };
		3049087329FB23C800A0F2FA /* ProfileSettings.swift */ = {isa = PBXFileReference; lastKnownFileType = sourcecode.swift; path = ProfileSettings.swift; sourceTree = "<group>"; };
		3049087529FB276100A0F2FA /* SubscriptionInfo.swift */ = {isa = PBXFileReference; lastKnownFileType = sourcecode.swift; path = SubscriptionInfo.swift; sourceTree = "<group>"; };
		3049087729FB279800A0F2FA /* PaymentInfo.swift */ = {isa = PBXFileReference; lastKnownFileType = sourcecode.swift; path = PaymentInfo.swift; sourceTree = "<group>"; };
		3049087929FB27A600A0F2FA /* DeleteAccount.swift */ = {isa = PBXFileReference; lastKnownFileType = sourcecode.swift; path = DeleteAccount.swift; sourceTree = "<group>"; };
		3052682829AA1D9100DA7678 /* MovieApp.app */ = {isa = PBXFileReference; explicitFileType = wrapper.application; includeInIndex = 0; path = MovieApp.app; sourceTree = BUILT_PRODUCTS_DIR; };
		3052682B29AA1D9100DA7678 /* MovieAppApp.swift */ = {isa = PBXFileReference; lastKnownFileType = sourcecode.swift; path = MovieAppApp.swift; sourceTree = "<group>"; };
		3052682D29AA1D9100DA7678 /* ContentView.swift */ = {isa = PBXFileReference; lastKnownFileType = sourcecode.swift; path = ContentView.swift; sourceTree = "<group>"; };
		3052682F29AA1D9300DA7678 /* Assets.xcassets */ = {isa = PBXFileReference; lastKnownFileType = folder.assetcatalog; path = Assets.xcassets; sourceTree = "<group>"; };
		3052683229AA1D9300DA7678 /* Preview Assets.xcassets */ = {isa = PBXFileReference; lastKnownFileType = folder.assetcatalog; path = "Preview Assets.xcassets"; sourceTree = "<group>"; };
		3052683B29AA3C8100DA7678 /* Movie.swift */ = {isa = PBXFileReference; lastKnownFileType = sourcecode.swift; path = Movie.swift; sourceTree = "<group>"; };
		3052683D29AA453900DA7678 /* Films.swift */ = {isa = PBXFileReference; lastKnownFileType = sourcecode.swift; path = Films.swift; sourceTree = "<group>"; };
		3052683F29AA53C900DA7678 /* SnapCarousel.swift */ = {isa = PBXFileReference; lastKnownFileType = sourcecode.swift; path = SnapCarousel.swift; sourceTree = "<group>"; };
		3052684129AD32FC00DA7678 /* DetailPlotView.swift */ = {isa = PBXFileReference; lastKnownFileType = sourcecode.swift; path = DetailPlotView.swift; sourceTree = "<group>"; };
		3052684329AD448500DA7678 /* OffsetModifier.swift */ = {isa = PBXFileReference; lastKnownFileType = sourcecode.swift; path = OffsetModifier.swift; sourceTree = "<group>"; };
		3052684A29AE4C7500DA7678 /* Music.swift */ = {isa = PBXFileReference; lastKnownFileType = sourcecode.swift; path = Music.swift; sourceTree = "<group>"; };
		3052684E29AE60D500DA7678 /* NavigationView.swift */ = {isa = PBXFileReference; lastKnownFileType = sourcecode.swift; path = NavigationView.swift; sourceTree = "<group>"; };
		3052685029AE610A00DA7678 /* Profile.swift */ = {isa = PBXFileReference; lastKnownFileType = sourcecode.swift; path = Profile.swift; sourceTree = "<group>"; };
		3052685229AE8B6100DA7678 /* Home.swift */ = {isa = PBXFileReference; lastKnownFileType = sourcecode.swift; path = Home.swift; sourceTree = "<group>"; };
		3052685529AFDB9500DA7678 /* Search.swift */ = {isa = PBXFileReference; lastKnownFileType = sourcecode.swift; path = Search.swift; sourceTree = "<group>"; };
		30BC7F5629FDD5D90067436B /* ReviewList.swift */ = {isa = PBXFileReference; lastKnownFileType = sourcecode.swift; path = ReviewList.swift; sourceTree = "<group>"; };
		30BC7F5B29FDD6600067436B /* Review.swift */ = {isa = PBXFileReference; lastKnownFileType = sourcecode.swift; path = Review.swift; sourceTree = "<group>"; };
		30BC7F5D29FDDA4B0067436B /* ReviewView.swift */ = {isa = PBXFileReference; lastKnownFileType = sourcecode.swift; path = ReviewView.swift; sourceTree = "<group>"; };
		30BC7F6129FEB5820067436B /* MyView.swift */ = {isa = PBXFileReference; lastKnownFileType = sourcecode.swift; path = MyView.swift; sourceTree = "<group>"; };
		30BC7F6529FEC1150067436B /* MovieSelection.swift */ = {isa = PBXFileReference; lastKnownFileType = sourcecode.swift; path = MovieSelection.swift; sourceTree = "<group>"; };
		30BC7F6729FEC1210067436B /* MusicSelection.swift */ = {isa = PBXFileReference; lastKnownFileType = sourcecode.swift; path = MusicSelection.swift; sourceTree = "<group>"; };
		30BC7F6929FF0F070067436B /* Song.swift */ = {isa = PBXFileReference; lastKnownFileType = sourcecode.swift; path = Song.swift; sourceTree = "<group>"; };
		30BC7F6B29FF10780067436B /* SongDetailView.swift */ = {isa = PBXFileReference; lastKnownFileType = sourcecode.swift; path = SongDetailView.swift; sourceTree = "<group>"; };
		30BC7F6D29FF23EF0067436B /* ArtistPlaylist.swift */ = {isa = PBXFileReference; lastKnownFileType = sourcecode.swift; path = ArtistPlaylist.swift; sourceTree = "<group>"; };
		30BC7F6F29FF2B770067436B /* Artist.swift */ = {isa = PBXFileReference; lastKnownFileType = sourcecode.swift; path = Artist.swift; sourceTree = "<group>"; };
		30BC7F7129FF4BDB0067436B /* Category.swift */ = {isa = PBXFileReference; lastKnownFileType = sourcecode.swift; path = Category.swift; sourceTree = "<group>"; };
		30BC7F9229FF5B9C0067436B /* PlaylistView.swift */ = {isa = PBXFileReference; lastKnownFileType = sourcecode.swift; path = PlaylistView.swift; sourceTree = "<group>"; };
		30BC7F9429FFC84D0067436B /* PlaylistDetailView.swift */ = {isa = PBXFileReference; lastKnownFileType = sourcecode.swift; path = PlaylistDetailView.swift; sourceTree = "<group>"; };
/* End PBXFileReference section */

/* Begin PBXFrameworksBuildPhase section */
		3052682529AA1D9100DA7678 /* Frameworks */ = {
			isa = PBXFrameworksBuildPhase;
			buildActionMask = 2147483647;
			files = (
				3016947A29FDB72D00D2CF84 /* ExpandableText in Frameworks */,
			);
			runOnlyForDeploymentPostprocessing = 0;
		};
/* End PBXFrameworksBuildPhase section */

/* Begin PBXGroup section */
		302F224429F9E7A900D07FED /* Search */ = {
			isa = PBXGroup;
			children = (
				3052685529AFDB9500DA7678 /* Search.swift */,
			);
			path = Search;
			sourceTree = "<group>";
		};
		3052681F29AA1D9100DA7678 = {
			isa = PBXGroup;
			children = (
				3052682A29AA1D9100DA7678 /* MovieApp */,
				3052682929AA1D9100DA7678 /* Products */,
			);
			sourceTree = "<group>";
		};
		3052682929AA1D9100DA7678 /* Products */ = {
			isa = PBXGroup;
			children = (
				3052682829AA1D9100DA7678 /* MovieApp.app */,
			);
			name = Products;
			sourceTree = "<group>";
		};
		3052682A29AA1D9100DA7678 /* MovieApp */ = {
			isa = PBXGroup;
			children = (
				3052683A29AA1FD200DA7678 /* View */,
				3052683929AA1FCA00DA7678 /* Model */,
				3052682B29AA1D9100DA7678 /* MovieAppApp.swift */,
				3052682D29AA1D9100DA7678 /* ContentView.swift */,
				3052682F29AA1D9300DA7678 /* Assets.xcassets */,
				3052683129AA1D9300DA7678 /* Preview Content */,
				30BC7F6129FEB5820067436B /* MyView.swift */,
			);
			path = MovieApp;
			sourceTree = "<group>";
		};
		3052683129AA1D9300DA7678 /* Preview Content */ = {
			isa = PBXGroup;
			children = (
				3052683229AA1D9300DA7678 /* Preview Assets.xcassets */,
			);
			path = "Preview Content";
			sourceTree = "<group>";
		};
		3052683929AA1FCA00DA7678 /* Model */ = {
			isa = PBXGroup;
			children = (
				3052683B29AA3C8100DA7678 /* Movie.swift */,
				30BC7F5B29FDD6600067436B /* Review.swift */,
				30BC7F6529FEC1150067436B /* MovieSelection.swift */,
				30BC7F6729FEC1210067436B /* MusicSelection.swift */,
				30BC7F6929FF0F070067436B /* Song.swift */,
				30BC7F6D29FF23EF0067436B /* ArtistPlaylist.swift */,
				30BC7F6F29FF2B770067436B /* Artist.swift */,
				30BC7F7129FF4BDB0067436B /* Category.swift */,
			);
			path = Model;
			sourceTree = "<group>";
		};
		3052683A29AA1FD200DA7678 /* View */ = {
			isa = PBXGroup;
			children = (
				3052685229AE8B6100DA7678 /* Home.swift */,
				3016947629FD969600D2CF84 /* UI.swift */,
				3052684E29AE60D500DA7678 /* NavigationView.swift */,
				3052684529AE3FA200DA7678 /* Films */,
				3052684929AE3FBD00DA7678 /* Music */,
				3052685429AF48AF00DA7678 /* Profile */,
				302F224429F9E7A900D07FED /* Search */,
			);
			path = View;
			sourceTree = "<group>";
		};
		3052684529AE3FA200DA7678 /* Films */ = {
			isa = PBXGroup;
			children = (
				3052683D29AA453900DA7678 /* Films.swift */,
				3003C3B829FC960B008D953F /* FilmDetails.swift */,
				3003C3BA29FC962E008D953F /* DetailPlotView.swift */,
				3052683F29AA53C900DA7678 /* SnapCarousel.swift */,
				3052684129AD32FC00DA7678 /* DetailPlotView.swift */,
				3052684329AD448500DA7678 /* OffsetModifier.swift */,
				30BC7F5A29FDD5F20067436B /* Reviews */,
			);
			path = Films;
			sourceTree = "<group>";
		};
		3052684929AE3FBD00DA7678 /* Music */ = {
			isa = PBXGroup;
			children = (
				3052684A29AE4C7500DA7678 /* Music.swift */,
				30BC7F6B29FF10780067436B /* SongDetailView.swift */,
				30BC7F9229FF5B9C0067436B /* PlaylistView.swift */,
				30BC7F9429FFC84D0067436B /* PlaylistDetailView.swift */,
			);
			path = Music;
			sourceTree = "<group>";
		};
		3052685429AF48AF00DA7678 /* Profile */ = {
			isa = PBXGroup;
			children = (
				3052685029AE610A00DA7678 /* Profile.swift */,
				302F224529F9E7D700D07FED /* MyAccount.swift */,
				3049087329FB23C800A0F2FA /* ProfileSettings.swift */,
				3049087529FB276100A0F2FA /* SubscriptionInfo.swift */,
				3049087729FB279800A0F2FA /* PaymentInfo.swift */,
				3049087929FB27A600A0F2FA /* DeleteAccount.swift */,
			);
			path = Profile;
			sourceTree = "<group>";
		};
		30BC7F5A29FDD5F20067436B /* Reviews */ = {
			isa = PBXGroup;
			children = (
				30BC7F5629FDD5D90067436B /* ReviewList.swift */,
				30BC7F5D29FDDA4B0067436B /* ReviewView.swift */,
			);
			path = Reviews;
			sourceTree = "<group>";
		};
/* End PBXGroup section */

/* Begin PBXNativeTarget section */
		3052682729AA1D9100DA7678 /* MovieApp */ = {
			isa = PBXNativeTarget;
			buildConfigurationList = 3052683629AA1D9300DA7678 /* Build configuration list for PBXNativeTarget "MovieApp" */;
			buildPhases = (
				3052682529AA1D9100DA7678 /* Frameworks */,
				3052682629AA1D9100DA7678 /* Resources */,
				30BC7F7329FF5A1F0067436B /* Sources */,
			);
			buildRules = (
			);
			dependencies = (
			);
			name = MovieApp;
			packageProductDependencies = (
				3016947929FDB72D00D2CF84 /* ExpandableText */,
			);
			productName = MovieApp;
			productReference = 3052682829AA1D9100DA7678 /* MovieApp.app */;
			productType = "com.apple.product-type.application";
		};
/* End PBXNativeTarget section */

/* Begin PBXProject section */
		3052682029AA1D9100DA7678 /* Project object */ = {
			isa = PBXProject;
			attributes = {
				BuildIndependentTargetsInParallel = 1;
				LastSwiftUpdateCheck = 1410;
				LastUpgradeCheck = 1410;
				TargetAttributes = {
					3052682729AA1D9100DA7678 = {
						CreatedOnToolsVersion = 14.1;
					};
				};
			};
			buildConfigurationList = 3052682329AA1D9100DA7678 /* Build configuration list for PBXProject "MovieApp" */;
			compatibilityVersion = "Xcode 14.0";
			developmentRegion = en;
			hasScannedForEncodings = 0;
			knownRegions = (
				en,
				Base,
			);
			mainGroup = 3052681F29AA1D9100DA7678;
			packageReferences = (
				3016947829FDB72D00D2CF84 /* XCRemoteSwiftPackageReference "ExpandableText" */,
			);
			productRefGroup = 3052682929AA1D9100DA7678 /* Products */;
			projectDirPath = "";
			projectRoot = "";
			targets = (
				3052682729AA1D9100DA7678 /* MovieApp */,
			);
		};
/* End PBXProject section */

/* Begin PBXResourcesBuildPhase section */
		3052682629AA1D9100DA7678 /* Resources */ = {
			isa = PBXResourcesBuildPhase;
			buildActionMask = 2147483647;
			files = (
				3052683329AA1D9300DA7678 /* Preview Assets.xcassets in Resources */,
				3052683029AA1D9300DA7678 /* Assets.xcassets in Resources */,
			);
			runOnlyForDeploymentPostprocessing = 0;
		};
/* End PBXResourcesBuildPhase section */

/* Begin PBXSourcesBuildPhase section */
		30BC7F7329FF5A1F0067436B /* Sources */ = {
			isa = PBXSourcesBuildPhase;
			buildActionMask = 2147483647;
			files = (
				30BC7F9629FFFB210067436B /* MyView.swift in Sources */,
				30BC7F9129FF5A8B0067436B /* MovieAppApp.swift in Sources */,
				30BC7F8929FF5A630067436B /* Movie.swift in Sources */,
				30BC7F8A29FF5A630067436B /* Review.swift in Sources */,
				30BC7F8B29FF5A630067436B /* MovieSelection.swift in Sources */,
				30BC7F8C29FF5A630067436B /* MusicSelection.swift in Sources */,
				30BC7F8D29FF5A630067436B /* Song.swift in Sources */,
				30BC7F8E29FF5A630067436B /* ArtistPlaylist.swift in Sources */,
				30BC7F8F29FF5A630067436B /* Artist.swift in Sources */,
				30BC7F9029FF5A630067436B /* Category.swift in Sources */,
				30BC7F8829FF5A410067436B /* ContentView.swift in Sources */,
				30BC7F7429FF5A340067436B /* Home.swift in Sources */,
				30BC7F7529FF5A340067436B /* UI.swift in Sources */,
				30BC7F7629FF5A340067436B /* NavigationView.swift in Sources */,
				30BC7F7729FF5A340067436B /* Films.swift in Sources */,
				30BC7F7829FF5A340067436B /* FilmDetails.swift in Sources */,
				30BC7F7A29FF5A340067436B /* SnapCarousel.swift in Sources */,
				30BC7F7B29FF5A340067436B /* DetailPlotView.swift in Sources */,
				30BC7F7C29FF5A340067436B /* OffsetModifier.swift in Sources */,
				30BC7F7D29FF5A340067436B /* ReviewList.swift in Sources */,
				30BC7F7E29FF5A340067436B /* ReviewView.swift in Sources */,
				30BC7F7F29FF5A340067436B /* Music.swift in Sources */,
				30BC7F8029FF5A340067436B /* SongDetailView.swift in Sources */,
				30BC7F8129FF5A340067436B /* Profile.swift in Sources */,
				30BC7F8229FF5A340067436B /* MyAccount.swift in Sources */,
				30BC7F9329FF5B9C0067436B /* PlaylistView.swift in Sources */,
				30BC7F8329FF5A340067436B /* ProfileSettings.swift in Sources */,
				30BC7F8429FF5A340067436B /* SubscriptionInfo.swift in Sources */,
				30BC7F8529FF5A340067436B /* PaymentInfo.swift in Sources */,
				30BC7F8629FF5A340067436B /* DeleteAccount.swift in Sources */,
				30BC7F9529FFC84D0067436B /* PlaylistDetailView.swift in Sources */,
				30BC7F8729FF5A340067436B /* Search.swift in Sources */,
			);
			runOnlyForDeploymentPostprocessing = 0;
		};
/* End PBXSourcesBuildPhase section */

/* Begin XCBuildConfiguration section */
		3052683429AA1D9300DA7678 /* Debug */ = {
			isa = XCBuildConfiguration;
			buildSettings = {
				ALWAYS_SEARCH_USER_PATHS = NO;
				CLANG_ANALYZER_NONNULL = YES;
				CLANG_ANALYZER_NUMBER_OBJECT_CONVERSION = YES_AGGRESSIVE;
				CLANG_CXX_LANGUAGE_STANDARD = "gnu++20";
				CLANG_ENABLE_MODULES = YES;
				CLANG_ENABLE_OBJC_ARC = YES;
				CLANG_ENABLE_OBJC_WEAK = YES;
				CLANG_WARN_BLOCK_CAPTURE_AUTORELEASING = YES;
				CLANG_WARN_BOOL_CONVERSION = YES;
				CLANG_WARN_COMMA = YES;
				CLANG_WARN_CONSTANT_CONVERSION = YES;
				CLANG_WARN_DEPRECATED_OBJC_IMPLEMENTATIONS = YES;
				CLANG_WARN_DIRECT_OBJC_ISA_USAGE = YES_ERROR;
				CLANG_WARN_DOCUMENTATION_COMMENTS = YES;
				CLANG_WARN_EMPTY_BODY = YES;
				CLANG_WARN_ENUM_CONVERSION = YES;
				CLANG_WARN_INFINITE_RECURSION = YES;
				CLANG_WARN_INT_CONVERSION = YES;
				CLANG_WARN_NON_LITERAL_NULL_CONVERSION = YES;
				CLANG_WARN_OBJC_IMPLICIT_RETAIN_SELF = YES;
				CLANG_WARN_OBJC_LITERAL_CONVERSION = YES;
				CLANG_WARN_OBJC_ROOT_CLASS = YES_ERROR;
				CLANG_WARN_QUOTED_INCLUDE_IN_FRAMEWORK_HEADER = YES;
				CLANG_WARN_RANGE_LOOP_ANALYSIS = YES;
				CLANG_WARN_STRICT_PROTOTYPES = YES;
				CLANG_WARN_SUSPICIOUS_MOVE = YES;
				CLANG_WARN_UNGUARDED_AVAILABILITY = YES_AGGRESSIVE;
				CLANG_WARN_UNREACHABLE_CODE = YES;
				CLANG_WARN__DUPLICATE_METHOD_MATCH = YES;
				COPY_PHASE_STRIP = NO;
				DEBUG_INFORMATION_FORMAT = dwarf;
				ENABLE_STRICT_OBJC_MSGSEND = YES;
				ENABLE_TESTABILITY = YES;
				GCC_C_LANGUAGE_STANDARD = gnu11;
				GCC_DYNAMIC_NO_PIC = NO;
				GCC_NO_COMMON_BLOCKS = YES;
				GCC_OPTIMIZATION_LEVEL = 0;
				GCC_PREPROCESSOR_DEFINITIONS = (
					"DEBUG=1",
					"$(inherited)",
				);
				GCC_WARN_64_TO_32_BIT_CONVERSION = YES;
				GCC_WARN_ABOUT_RETURN_TYPE = YES_ERROR;
				GCC_WARN_UNDECLARED_SELECTOR = YES;
				GCC_WARN_UNINITIALIZED_AUTOS = YES_AGGRESSIVE;
				GCC_WARN_UNUSED_FUNCTION = YES;
				GCC_WARN_UNUSED_VARIABLE = YES;
				IPHONEOS_DEPLOYMENT_TARGET = 16.1;
				MTL_ENABLE_DEBUG_INFO = INCLUDE_SOURCE;
				MTL_FAST_MATH = YES;
				ONLY_ACTIVE_ARCH = YES;
				SDKROOT = iphoneos;
				SWIFT_ACTIVE_COMPILATION_CONDITIONS = DEBUG;
				SWIFT_OPTIMIZATION_LEVEL = "-Onone";
			};
			name = Debug;
		};
		3052683529AA1D9300DA7678 /* Release */ = {
			isa = XCBuildConfiguration;
			buildSettings = {
				ALWAYS_SEARCH_USER_PATHS = NO;
				CLANG_ANALYZER_NONNULL = YES;
				CLANG_ANALYZER_NUMBER_OBJECT_CONVERSION = YES_AGGRESSIVE;
				CLANG_CXX_LANGUAGE_STANDARD = "gnu++20";
				CLANG_ENABLE_MODULES = YES;
				CLANG_ENABLE_OBJC_ARC = YES;
				CLANG_ENABLE_OBJC_WEAK = YES;
				CLANG_WARN_BLOCK_CAPTURE_AUTORELEASING = YES;
				CLANG_WARN_BOOL_CONVERSION = YES;
				CLANG_WARN_COMMA = YES;
				CLANG_WARN_CONSTANT_CONVERSION = YES;
				CLANG_WARN_DEPRECATED_OBJC_IMPLEMENTATIONS = YES;
				CLANG_WARN_DIRECT_OBJC_ISA_USAGE = YES_ERROR;
				CLANG_WARN_DOCUMENTATION_COMMENTS = YES;
				CLANG_WARN_EMPTY_BODY = YES;
				CLANG_WARN_ENUM_CONVERSION = YES;
				CLANG_WARN_INFINITE_RECURSION = YES;
				CLANG_WARN_INT_CONVERSION = YES;
				CLANG_WARN_NON_LITERAL_NULL_CONVERSION = YES;
				CLANG_WARN_OBJC_IMPLICIT_RETAIN_SELF = YES;
				CLANG_WARN_OBJC_LITERAL_CONVERSION = YES;
				CLANG_WARN_OBJC_ROOT_CLASS = YES_ERROR;
				CLANG_WARN_QUOTED_INCLUDE_IN_FRAMEWORK_HEADER = YES;
				CLANG_WARN_RANGE_LOOP_ANALYSIS = YES;
				CLANG_WARN_STRICT_PROTOTYPES = YES;
				CLANG_WARN_SUSPICIOUS_MOVE = YES;
				CLANG_WARN_UNGUARDED_AVAILABILITY = YES_AGGRESSIVE;
				CLANG_WARN_UNREACHABLE_CODE = YES;
				CLANG_WARN__DUPLICATE_METHOD_MATCH = YES;
				COPY_PHASE_STRIP = NO;
				DEBUG_INFORMATION_FORMAT = "dwarf-with-dsym";
				ENABLE_NS_ASSERTIONS = NO;
				ENABLE_STRICT_OBJC_MSGSEND = YES;
				GCC_C_LANGUAGE_STANDARD = gnu11;
				GCC_NO_COMMON_BLOCKS = YES;
				GCC_WARN_64_TO_32_BIT_CONVERSION = YES;
				GCC_WARN_ABOUT_RETURN_TYPE = YES_ERROR;
				GCC_WARN_UNDECLARED_SELECTOR = YES;
				GCC_WARN_UNINITIALIZED_AUTOS = YES_AGGRESSIVE;
				GCC_WARN_UNUSED_FUNCTION = YES;
				GCC_WARN_UNUSED_VARIABLE = YES;
				IPHONEOS_DEPLOYMENT_TARGET = 16.1;
				MTL_ENABLE_DEBUG_INFO = NO;
				MTL_FAST_MATH = YES;
				SDKROOT = iphoneos;
				SWIFT_COMPILATION_MODE = wholemodule;
				SWIFT_OPTIMIZATION_LEVEL = "-O";
				VALIDATE_PRODUCT = YES;
			};
			name = Release;
		};
		3052683729AA1D9300DA7678 /* Debug */ = {
			isa = XCBuildConfiguration;
			buildSettings = {
				ASSETCATALOG_COMPILER_APPICON_NAME = AppIcon;
				ASSETCATALOG_COMPILER_GLOBAL_ACCENT_COLOR_NAME = AccentColor;
				CODE_SIGN_STYLE = Automatic;
				CURRENT_PROJECT_VERSION = 1;
				DEVELOPMENT_ASSET_PATHS = MovieApp/ContentView.swift;
				DEVELOPMENT_TEAM = R5539S8Y27;
				ENABLE_PREVIEWS = YES;
				GENERATE_INFOPLIST_FILE = YES;
				INFOPLIST_KEY_UIApplicationSceneManifest_Generation = YES;
				INFOPLIST_KEY_UIApplicationSupportsIndirectInputEvents = YES;
				INFOPLIST_KEY_UILaunchScreen_Generation = YES;
				INFOPLIST_KEY_UISupportedInterfaceOrientations_iPad = "UIInterfaceOrientationPortrait UIInterfaceOrientationPortraitUpsideDown UIInterfaceOrientationLandscapeLeft UIInterfaceOrientationLandscapeRight";
				INFOPLIST_KEY_UISupportedInterfaceOrientations_iPhone = "UIInterfaceOrientationPortrait UIInterfaceOrientationLandscapeLeft UIInterfaceOrientationLandscapeRight";
				IPHONEOS_DEPLOYMENT_TARGET = 16.0;
				LD_RUNPATH_SEARCH_PATHS = (
					"$(inherited)",
					"@executable_path/Frameworks",
				);
				MARKETING_VERSION = 1.0;
				PRODUCT_BUNDLE_IDENTIFIER = com.bakenova.MovieApp;
				PRODUCT_NAME = "$(TARGET_NAME)";
				SWIFT_EMIT_LOC_STRINGS = YES;
				SWIFT_VERSION = 5.0;
				TARGETED_DEVICE_FAMILY = "1,2";
			};
			name = Debug;
		};
		3052683829AA1D9300DA7678 /* Release */ = {
			isa = XCBuildConfiguration;
			buildSettings = {
				ASSETCATALOG_COMPILER_APPICON_NAME = AppIcon;
				ASSETCATALOG_COMPILER_GLOBAL_ACCENT_COLOR_NAME = AccentColor;
				CODE_SIGN_STYLE = Automatic;
				CURRENT_PROJECT_VERSION = 1;
				DEVELOPMENT_ASSET_PATHS = MovieApp/ContentView.swift;
				DEVELOPMENT_TEAM = R5539S8Y27;
				ENABLE_PREVIEWS = YES;
				GENERATE_INFOPLIST_FILE = YES;
				INFOPLIST_KEY_UIApplicationSceneManifest_Generation = YES;
				INFOPLIST_KEY_UIApplicationSupportsIndirectInputEvents = YES;
				INFOPLIST_KEY_UILaunchScreen_Generation = YES;
				INFOPLIST_KEY_UISupportedInterfaceOrientations_iPad = "UIInterfaceOrientationPortrait UIInterfaceOrientationPortraitUpsideDown UIInterfaceOrientationLandscapeLeft UIInterfaceOrientationLandscapeRight";
				INFOPLIST_KEY_UISupportedInterfaceOrientations_iPhone = "UIInterfaceOrientationPortrait UIInterfaceOrientationLandscapeLeft UIInterfaceOrientationLandscapeRight";
				IPHONEOS_DEPLOYMENT_TARGET = 16.0;
				LD_RUNPATH_SEARCH_PATHS = (
					"$(inherited)",
					"@executable_path/Frameworks",
				);
				MARKETING_VERSION = 1.0;
				PRODUCT_BUNDLE_IDENTIFIER = com.bakenova.MovieApp;
				PRODUCT_NAME = "$(TARGET_NAME)";
				SWIFT_EMIT_LOC_STRINGS = YES;
				SWIFT_VERSION = 5.0;
				TARGETED_DEVICE_FAMILY = "1,2";
			};
			name = Release;
		};
/* End XCBuildConfiguration section */

/* Begin XCConfigurationList section */
		3052682329AA1D9100DA7678 /* Build configuration list for PBXProject "MovieApp" */ = {
			isa = XCConfigurationList;
			buildConfigurations = (
				3052683429AA1D9300DA7678 /* Debug */,
				3052683529AA1D9300DA7678 /* Release */,
			);
			defaultConfigurationIsVisible = 0;
			defaultConfigurationName = Release;
		};
		3052683629AA1D9300DA7678 /* Build configuration list for PBXNativeTarget "MovieApp" */ = {
			isa = XCConfigurationList;
			buildConfigurations = (
				3052683729AA1D9300DA7678 /* Debug */,
				3052683829AA1D9300DA7678 /* Release */,
			);
			defaultConfigurationIsVisible = 0;
			defaultConfigurationName = Release;
		};
/* End XCConfigurationList section */

/* Begin XCRemoteSwiftPackageReference section */
		3016947829FDB72D00D2CF84 /* XCRemoteSwiftPackageReference "ExpandableText" */ = {
			isa = XCRemoteSwiftPackageReference;
			repositoryURL = "https://github.com/NuPlay/ExpandableText";
			requirement = {
				kind = upToNextMajorVersion;
				minimumVersion = 1.0.0;
			};
		};
/* End XCRemoteSwiftPackageReference section */

/* Begin XCSwiftPackageProductDependency section */
		3016947929FDB72D00D2CF84 /* ExpandableText */ = {
			isa = XCSwiftPackageProductDependency;
			package = 3016947829FDB72D00D2CF84 /* XCRemoteSwiftPackageReference "ExpandableText" */;
			productName = ExpandableText;
		};
/* End XCSwiftPackageProductDependency section */
	};
	rootObject = 3052682029AA1D9100DA7678 /* Project object */;
}
